// !$*UTF8*$!
{
	archiveVersion = 1;
	classes = {
	};
	objectVersion = 50;
	objects = {

/* Begin PBXBuildFile section */
		89CEA1392107C3CA003B72F9 /* CategoryViewController.swift in Sources */ = {isa = PBXBuildFile; fileRef = 89CEA1382107C3CA003B72F9 /* CategoryViewController.swift */; };
		89FDA50B20F57F6C0097F244 /* DataModel.xcdatamodeld in Sources */ = {isa = PBXBuildFile; fileRef = 89FDA50920F57F6C0097F244 /* DataModel.xcdatamodeld */; };
		89FDCF2920EEFD17006FABB4 /* AppDelegate.swift in Sources */ = {isa = PBXBuildFile; fileRef = 89FDCF2820EEFD17006FABB4 /* AppDelegate.swift */; };
		89FDCF2B20EEFD17006FABB4 /* ToDoViewController.swift in Sources */ = {isa = PBXBuildFile; fileRef = 89FDCF2A20EEFD17006FABB4 /* ToDoViewController.swift */; };
		89FDCF2E20EEFD17006FABB4 /* Main.storyboard in Resources */ = {isa = PBXBuildFile; fileRef = 89FDCF2C20EEFD17006FABB4 /* Main.storyboard */; };
		89FDCF3020EEFD1F006FABB4 /* Assets.xcassets in Resources */ = {isa = PBXBuildFile; fileRef = 89FDCF2F20EEFD1F006FABB4 /* Assets.xcassets */; };
		89FDCF3320EEFD1F006FABB4 /* LaunchScreen.storyboard in Resources */ = {isa = PBXBuildFile; fileRef = 89FDCF3120EEFD1F006FABB4 /* LaunchScreen.storyboard */; };
/* End PBXBuildFile section */

/* Begin PBXFileReference section */
		89CEA1382107C3CA003B72F9 /* CategoryViewController.swift */ = {isa = PBXFileReference; lastKnownFileType = sourcecode.swift; path = CategoryViewController.swift; sourceTree = "<group>"; };
		89FDA50A20F57F6C0097F244 /* DataModel.xcdatamodel */ = {isa = PBXFileReference; lastKnownFileType = wrapper.xcdatamodel; path = DataModel.xcdatamodel; sourceTree = "<group>"; };
		89FDCF2520EEFD17006FABB4 /* ToDoApp.app */ = {isa = PBXFileReference; explicitFileType = wrapper.application; includeInIndex = 0; path = ToDoApp.app; sourceTree = BUILT_PRODUCTS_DIR; };
		89FDCF2820EEFD17006FABB4 /* AppDelegate.swift */ = {isa = PBXFileReference; lastKnownFileType = sourcecode.swift; path = AppDelegate.swift; sourceTree = "<group>"; };
		89FDCF2A20EEFD17006FABB4 /* ToDoViewController.swift */ = {isa = PBXFileReference; lastKnownFileType = sourcecode.swift; path = ToDoViewController.swift; sourceTree = "<group>"; };
		89FDCF2D20EEFD17006FABB4 /* Base */ = {isa = PBXFileReference; lastKnownFileType = file.storyboard; name = Base; path = Base.lproj/Main.storyboard; sourceTree = "<group>"; };
		89FDCF2F20EEFD1F006FABB4 /* Assets.xcassets */ = {isa = PBXFileReference; lastKnownFileType = folder.assetcatalog; path = Assets.xcassets; sourceTree = "<group>"; };
		89FDCF3220EEFD1F006FABB4 /* Base */ = {isa = PBXFileReference; lastKnownFileType = file.storyboard; name = Base; path = Base.lproj/LaunchScreen.storyboard; sourceTree = "<group>"; };
		89FDCF3420EEFD1F006FABB4 /* Info.plist */ = {isa = PBXFileReference; lastKnownFileType = text.plist.xml; path = Info.plist; sourceTree = "<group>"; };
/* End PBXFileReference section */

/* Begin PBXFrameworksBuildPhase section */
		89FDCF2220EEFD17006FABB4 /* Frameworks */ = {
			isa = PBXFrameworksBuildPhase;
			buildActionMask = 2147483647;
			files = (
			);
			runOnlyForDeploymentPostprocessing = 0;
		};
/* End PBXFrameworksBuildPhase section */

/* Begin PBXGroup section */
		89713E6320F2EEA50006AC47 /* Data Model */ = {
			isa = PBXGroup;
			children = (
				89FDA50920F57F6C0097F244 /* DataModel.xcdatamodeld */,
			);
			path = "Data Model";
			sourceTree = "<group>";
		};
		89713E6420F2EEB90006AC47 /* Supporting Files */ = {
			isa = PBXGroup;
			children = (
				89FDCF2F20EEFD1F006FABB4 /* Assets.xcassets */,
				89FDCF3120EEFD1F006FABB4 /* LaunchScreen.storyboard */,
			);
			path = "Supporting Files";
			sourceTree = "<group>";
		};
		89713E6520F2EECE0006AC47 /* Controllers */ = {
			isa = PBXGroup;
			children = (
				89CEA1382107C3CA003B72F9 /* CategoryViewController.swift */,
				89FDCF2A20EEFD17006FABB4 /* ToDoViewController.swift */,
			);
			path = Controllers;
			sourceTree = "<group>";
		};
		89713E6620F2EEE00006AC47 /* Views */ = {
			isa = PBXGroup;
			children = (
				89FDCF2C20EEFD17006FABB4 /* Main.storyboard */,
			);
			path = Views;
			sourceTree = "<group>";
		};
		89FDCF1C20EEFD17006FABB4 = {
			isa = PBXGroup;
			children = (
				89FDCF2720EEFD17006FABB4 /* ToDoApp */,
				89FDCF2620EEFD17006FABB4 /* Products */,
			);
			sourceTree = "<group>";
		};
		89FDCF2620EEFD17006FABB4 /* Products */ = {
			isa = PBXGroup;
			children = (
				89FDCF2520EEFD17006FABB4 /* ToDoApp.app */,
			);
			name = Products;
			sourceTree = "<group>";
		};
		89FDCF2720EEFD17006FABB4 /* ToDoApp */ = {
			isa = PBXGroup;
			children = (
				89FDCF2820EEFD17006FABB4 /* AppDelegate.swift */,
				89713E6520F2EECE0006AC47 /* Controllers */,
				89713E6320F2EEA50006AC47 /* Data Model */,
				89713E6620F2EEE00006AC47 /* Views */,
				89713E6420F2EEB90006AC47 /* Supporting Files */,
				89FDCF3420EEFD1F006FABB4 /* Info.plist */,
			);
			path = ToDoApp;
			sourceTree = "<group>";
		};
/* End PBXGroup section */

/* Begin PBXNativeTarget section */
		89FDCF2420EEFD17006FABB4 /* ToDoApp */ = {
			isa = PBXNativeTarget;
			buildConfigurationList = 89FDCF3720EEFD1F006FABB4 /* Build configuration list for PBXNativeTarget "ToDoApp" */;
			buildPhases = (
				89FDCF2120EEFD17006FABB4 /* Sources */,
				89FDCF2220EEFD17006FABB4 /* Frameworks */,
				89FDCF2320EEFD17006FABB4 /* Resources */,
			);
			buildRules = (
			);
			dependencies = (
			);
			name = ToDoApp;
			productName = ToDoApp;
			productReference = 89FDCF2520EEFD17006FABB4 /* ToDoApp.app */;
			productType = "com.apple.product-type.application";
		};
/* End PBXNativeTarget section */

/* Begin PBXProject section */
		89FDCF1D20EEFD17006FABB4 /* Project object */ = {
			isa = PBXProject;
			attributes = {
				LastSwiftUpdateCheck = 0940;
				LastUpgradeCheck = 0940;
				ORGANIZATIONNAME = "Ged Guillaume";
				TargetAttributes = {
					89FDCF2420EEFD17006FABB4 = {
						CreatedOnToolsVersion = 9.4.1;
					};
				};
			};
			buildConfigurationList = 89FDCF2020EEFD17006FABB4 /* Build configuration list for PBXProject "ToDoApp" */;
			compatibilityVersion = "Xcode 9.3";
			developmentRegion = en;
			hasScannedForEncodings = 0;
			knownRegions = (
				en,
				Base,
			);
			mainGroup = 89FDCF1C20EEFD17006FABB4;
			productRefGroup = 89FDCF2620EEFD17006FABB4 /* Products */;
			projectDirPath = "";
			projectRoot = "";
			targets = (
				89FDCF2420EEFD17006FABB4 /* ToDoApp */,
			);
		};
/* End PBXProject section */

/* Begin PBXResourcesBuildPhase section */
		89FDCF2320EEFD17006FABB4 /* Resources */ = {
			isa = PBXResourcesBuildPhase;
			buildActionMask = 2147483647;
			files = (
				89FDCF3320EEFD1F006FABB4 /* LaunchScreen.storyboard in Resources */,
				89FDCF3020EEFD1F006FABB4 /* Assets.xcassets in Resources */,
				89FDCF2E20EEFD17006FABB4 /* Main.storyboard in Resources */,
			);
			runOnlyForDeploymentPostprocessing = 0;
		};
/* End PBXResourcesBuildPhase section */

/* Begin PBXSourcesBuildPhase section */
		89FDCF2120EEFD17006FABB4 /* Sources */ = {
			isa = PBXSourcesBuildPhase;
			buildActionMask = 2147483647;
			files = (
				89CEA1392107C3CA003B72F9 /* CategoryViewController.swift in Sources */,
				89FDCF2B20EEFD17006FABB4 /* ToDoViewController.swift in Sources */,
				89FDA50B20F57F6C0097F244 /* DataModel.xcdatamodeld in Sources */,
				89FDCF2920EEFD17006FABB4 /* AppDelegate.swift in Sources */,
			);
			runOnlyForDeploymentPostprocessing = 0;
		};
/* End PBXSourcesBuildPhase section */

/* Begin PBXVariantGroup section */
		89FDCF2C20EEFD17006FABB4 /* Main.storyboard */ = {
			isa = PBXVariantGroup;
			children = (
				89FDCF2D20EEFD17006FABB4 /* Base */,
			);
			name = Main.storyboard;
			sourceTree = "<group>";
		};
		89FDCF3120EEFD1F006FABB4 /* LaunchScreen.storyboard */ = {
			isa = PBXVariantGroup;
			children = (
				89FDCF3220EEFD1F006FABB4 /* Base */,
			);
			name = LaunchScreen.storyboard;
			sourceTree = "<group>";
		};
/* End PBXVariantGroup section */

/* Begin XCBuildConfiguration section */
		89FDCF3520EEFD1F006FABB4 /* Debug */ = {
			isa = XCBuildConfiguration;
			buildSettings = {
				ALWAYS_SEARCH_USER_PATHS = NO;
				CLANG_ANALYZER_NONNULL = YES;
				CLANG_ANALYZER_NUMBER_OBJECT_CONVERSION = YES_AGGRESSIVE;
				CLANG_CXX_LANGUAGE_STANDARD = "gnu++14";
				CLANG_CXX_LIBRARY = "libc++";
				CLANG_ENABLE_MODULES = YES;
				CLANG_ENABLE_OBJC_ARC = YES;
				CLANG_ENABLE_OBJC_WEAK = YES;
				CLANG_WARN_BLOCK_CAPTURE_AUTORELEASING = YES;
				CLANG_WARN_BOOL_CONVERSION = YES;
				CLANG_WARN_COMMA = YES;
				CLANG_WARN_CONSTANT_CONVERSION = YES;
				CLANG_WARN_DEPRECATED_OBJC_IMPLEMENTATIONS = YES;
				CLANG_WARN_DIRECT_OBJC_ISA_USAGE = YES_ERROR;
				CLANG_WARN_DOCUMENTATION_COMMENTS = YES;
				CLANG_WARN_EMPTY_BODY = YES;
				CLANG_WARN_ENUM_CONVERSION = YES;
				CLANG_WARN_INFINITE_RECURSION = YES;
				CLANG_WARN_INT_CONVERSION = YES;
				CLANG_WARN_NON_LITERAL_NULL_CONVERSION = YES;
				CLANG_WARN_OBJC_IMPLICIT_RETAIN_SELF = YES;
				CLANG_WARN_OBJC_LITERAL_CONVERSION = YES;
				CLANG_WARN_OBJC_ROOT_CLASS = YES_ERROR;
				CLANG_WARN_RANGE_LOOP_ANALYSIS = YES;
				CLANG_WARN_STRICT_PROTOTYPES = YES;
				CLANG_WARN_SUSPICIOUS_MOVE = YES;
				CLANG_WARN_UNGUARDED_AVAILABILITY = YES_AGGRESSIVE;
				CLANG_WARN_UNREACHABLE_CODE = YES;
				CLANG_WARN__DUPLICATE_METHOD_MATCH = YES;
				CODE_SIGN_IDENTITY = "iPhone Developer";
				COPY_PHASE_STRIP = NO;
				DEBUG_INFORMATION_FORMAT = dwarf;
				ENABLE_STRICT_OBJC_MSGSEND = YES;
				ENABLE_TESTABILITY = YES;
				GCC_C_LANGUAGE_STANDARD = gnu11;
				GCC_DYNAMIC_NO_PIC = NO;
				GCC_NO_COMMON_BLOCKS = YES;
				GCC_OPTIMIZATION_LEVEL = 0;
				GCC_PREPROCESSOR_DEFINITIONS = (
					"DEBUG=1",
					"$(inherited)",
				);
				GCC_WARN_64_TO_32_BIT_CONVERSION = YES;
				GCC_WARN_ABOUT_RETURN_TYPE = YES_ERROR;
				GCC_WARN_UNDECLARED_SELECTOR = YES;
				GCC_WARN_UNINITIALIZED_AUTOS = YES_AGGRESSIVE;
				GCC_WARN_UNUSED_FUNCTION = YES;
				GCC_WARN_UNUSED_VARIABLE = YES;
				IPHONEOS_DEPLOYMENT_TARGET = 11.4;
				MTL_ENABLE_DEBUG_INFO = YES;
				ONLY_ACTIVE_ARCH = YES;
				SDKROOT = iphoneos;
				SWIFT_ACTIVE_COMPILATION_CONDITIONS = DEBUG;
				SWIFT_OPTIMIZATION_LEVEL = "-Onone";
			};
			name = Debug;
		};
		89FDCF3620EEFD1F006FABB4 /* Release */ = {
			isa = XCBuildConfiguration;
			buildSettings = {
				ALWAYS_SEARCH_USER_PATHS = NO;
				CLANG_ANALYZER_NONNULL = YES;
				CLANG_ANALYZER_NUMBER_OBJECT_CONVERSION = YES_AGGRESSIVE;
				CLANG_CXX_LANGUAGE_STANDARD = "gnu++14";
				CLANG_CXX_LIBRARY = "libc++";
				CLANG_ENABLE_MODULES = YES;
				CLANG_ENABLE_OBJC_ARC = YES;
				CLANG_ENABLE_OBJC_WEAK = YES;
				CLANG_WARN_BLOCK_CAPTURE_AUTORELEASING = YES;
				CLANG_WARN_BOOL_CONVERSION = YES;
				CLANG_WARN_COMMA = YES;
				CLANG_WARN_CONSTANT_CONVERSION = YES;
				CLANG_WARN_DEPRECATED_OBJC_IMPLEMENTATIONS = YES;
				CLANG_WARN_DIRECT_OBJC_ISA_USAGE = YES_ERROR;
				CLANG_WARN_DOCUMENTATION_COMMENTS = YES;
				CLANG_WARN_EMPTY_BODY = YES;
				CLANG_WARN_ENUM_CONVERSION = YES;
				CLANG_WARN_INFINITE_RECURSION = YES;
				CLANG_WARN_INT_CONVERSION = YES;
				CLANG_WARN_NON_LITERAL_NULL_CONVERSION = YES;
				CLANG_WARN_OBJC_IMPLICIT_RETAIN_SELF = YES;
				CLANG_WARN_OBJC_LITERAL_CONVERSION = YES;
				CLANG_WARN_OBJC_ROOT_CLASS = YES_ERROR;
				CLANG_WARN_RANGE_LOOP_ANALYSIS = YES;
				CLANG_WARN_STRICT_PROTOTYPES = YES;
				CLANG_WARN_SUSPICIOUS_MOVE = YES;
				CLANG_WARN_UNGUARDED_AVAILABILITY = YES_AGGRESSIVE;
				CLANG_WARN_UNREACHABLE_CODE = YES;
				CLANG_WARN__DUPLICATE_METHOD_MATCH = YES;
				CODE_SIGN_IDENTITY = "iPhone Developer";
				COPY_PHASE_STRIP = NO;
				DEBUG_INFORMATION_FORMAT = "dwarf-with-dsym";
				ENABLE_NS_ASSERTIONS = NO;
				ENABLE_STRICT_OBJC_MSGSEND = YES;
				GCC_C_LANGUAGE_STANDARD = gnu11;
				GCC_NO_COMMON_BLOCKS = YES;
				GCC_WARN_64_TO_32_BIT_CONVERSION = YES;
				GCC_WARN_ABOUT_RETURN_TYPE = YES_ERROR;
				GCC_WARN_UNDECLARED_SELECTOR = YES;
				GCC_WARN_UNINITIALIZED_AUTOS = YES_AGGRESSIVE;
				GCC_WARN_UNUSED_FUNCTION = YES;
				GCC_WARN_UNUSED_VARIABLE = YES;
				IPHONEOS_DEPLOYMENT_TARGET = 11.4;
				MTL_ENABLE_DEBUG_INFO = NO;
				SDKROOT = iphoneos;
				SWIFT_COMPILATION_MODE = wholemodule;
				SWIFT_OPTIMIZATION_LEVEL = "-O";
				VALIDATE_PRODUCT = YES;
			};
			name = Release;
		};
		89FDCF3820EEFD1F006FABB4 /* Debug */ = {
			isa = XCBuildConfiguration;
			buildSettings = {
				ASSETCATALOG_COMPILER_APPICON_NAME = AppIcon;
				CODE_SIGN_STYLE = Automatic;
				DEVELOPMENT_TEAM = AF4X782TT2;
				INFOPLIST_FILE = ToDoApp/Info.plist;
				LD_RUNPATH_SEARCH_PATHS = (
					"$(inherited)",
					"@executable_path/Frameworks",
				);
				PRODUCT_BUNDLE_IDENTIFIER = com.MangoDev.ToDoApp;
				PRODUCT_NAME = "$(TARGET_NAME)";
				SWIFT_VERSION = 4.0;
				TARGETED_DEVICE_FAMILY = "1,2";
			};
			name = Debug;
		};
		89FDCF3920EEFD1F006FABB4 /* Release */ = {
			isa = XCBuildConfiguration;
			buildSettings = {
				ASSETCATALOG_COMPILER_APPICON_NAME = AppIcon;
				CODE_SIGN_STYLE = Automatic;
				DEVELOPMENT_TEAM = AF4X782TT2;
				INFOPLIST_FILE = ToDoApp/Info.plist;
				LD_RUNPATH_SEARCH_PATHS = (
					"$(inherited)",
					"@executable_path/Frameworks",
				);
				PRODUCT_BUNDLE_IDENTIFIER = com.MangoDev.ToDoApp;
				PRODUCT_NAME = "$(TARGET_NAME)";
				SWIFT_VERSION = 4.0;
				TARGETED_DEVICE_FAMILY = "1,2";
			};
			name = Release;
		};
/* End XCBuildConfiguration section */

/* Begin XCConfigurationList section */
		89FDCF2020EEFD17006FABB4 /* Build configuration list for PBXProject "ToDoApp" */ = {
			isa = XCConfigurationList;
			buildConfigurations = (
				89FDCF3520EEFD1F006FABB4 /* Debug */,
				89FDCF3620EEFD1F006FABB4 /* Release */,
			);
			defaultConfigurationIsVisible = 0;
			defaultConfigurationName = Release;
		};
		89FDCF3720EEFD1F006FABB4 /* Build configuration list for PBXNativeTarget "ToDoApp" */ = {
			isa = XCConfigurationList;
			buildConfigurations = (
				89FDCF3820EEFD1F006FABB4 /* Debug */,
				89FDCF3920EEFD1F006FABB4 /* Release */,
			);
			defaultConfigurationIsVisible = 0;
			defaultConfigurationName = Release;
		};
/* End XCConfigurationList section */

/* Begin XCVersionGroup section */
		89FDA50920F57F6C0097F244 /* DataModel.xcdatamodeld */ = {
			isa = XCVersionGroup;
			children = (
				89FDA50A20F57F6C0097F244 /* DataModel.xcdatamodel */,
			);
			currentVersion = 89FDA50A20F57F6C0097F244 /* DataModel.xcdatamodel */;
			path = DataModel.xcdatamodeld;
			sourceTree = "<group>";
			versionGroupType = wrapper.xcdatamodel;
		};
/* End XCVersionGroup section */
	};
	rootObject = 89FDCF1D20EEFD17006FABB4 /* Project object */;
}
